
Microsoft Visual Studio Solution File, Format Version 12.00
# Visual Studio Version 17
VisualStudioVersion = 17.3.32922.545
MinimumVisualStudioVersion = 10.0.40219.1
Project("{FAE04EC0-301F-11D3-BF4B-00C04F79EFBC}") = "Searching_project", "Searching_project\Searching_project.csproj", "{AEBB8C08-B38E-432A-9503-5E996785A4C0}"
EndProject
Global
	GlobalSection(SolutionConfigurationPlatforms) = preSolution
		Debug|Any CPU = Debug|Any CPU
		Release|Any CPU = Release|Any CPU
	EndGlobalSection
	GlobalSection(ProjectConfigurationPlatforms) = postSolution
		{AEBB8C08-B38E-432A-9503-5E996785A4C0}.Debug|Any CPU.ActiveCfg = Debug|Any CPU
		{AEBB8C08-B38E-432A-9503-5E996785A4C0}.Debug|Any CPU.Build.0 = Debug|Any CPU
		{AEBB8C08-B38E-432A-9503-5E996785A4C0}.Release|Any CPU.ActiveCfg = Release|Any CPU
		{AEBB8C08-B38E-432A-9503-5E996785A4C0}.Release|Any CPU.Build.0 = Release|Any CPU
	EndGlobalSection
	GlobalSection(SolutionProperties) = preSolution
		HideSolutionNode = FALSE
	EndGlobalSection
	GlobalSection(ExtensibilityGlobals) = postSolution
		SolutionGuid = {BDDAEA82-0261-4E3E-B7C3-A2092DD25587}
	EndGlobalSection
EndGlobal
